// !$*UTF8*$!
{
	archiveVersion = 1;
	classes = {
	};
	objectVersion = 55;
	objects = {

/* Begin PBXBuildFile section */
		6D536FE827DA5D2F00ED5A17 /* Model.swift in Sources */ = {isa = PBXBuildFile; fileRef = 6D536FE527DA5D2F00ED5A17 /* Model.swift */; };
		6D536FE927DA5D2F00ED5A17 /* RadioModel.swift in Sources */ = {isa = PBXBuildFile; fileRef = 6D536FE627DA5D2F00ED5A17 /* RadioModel.swift */; };
		6D536FEA27DA5D2F00ED5A17 /* FindViewData.swift in Sources */ = {isa = PBXBuildFile; fileRef = 6D536FE727DA5D2F00ED5A17 /* FindViewData.swift */; };
		6D53705027DA5E0200ED5A17 /* StartFindView.swift in Sources */ = {isa = PBXBuildFile; fileRef = 6D53702F27DA5E0200ED5A17 /* StartFindView.swift */; };
		6D53705127DA5E0200ED5A17 /* StartFindViewCell.swift in Sources */ = {isa = PBXBuildFile; fileRef = 6D53703027DA5E0200ED5A17 /* StartFindViewCell.swift */; };
		6D53705227DA5E0200ED5A17 /* CategoryView.swift in Sources */ = {isa = PBXBuildFile; fileRef = 6D53703227DA5E0200ED5A17 /* CategoryView.swift */; };
		6D53705327DA5E0200ED5A17 /* SecondaryHorizontalCell.swift in Sources */ = {isa = PBXBuildFile; fileRef = 6D53703327DA5E0200ED5A17 /* SecondaryHorizontalCell.swift */; };
		6D53705427DA5E0200ED5A17 /* ThirdHorizontalCell.swift in Sources */ = {isa = PBXBuildFile; fileRef = 6D53703427DA5E0200ED5A17 /* ThirdHorizontalCell.swift */; };
		6D53705527DA5E0200ED5A17 /* MainHorizontalCell.swift in Sources */ = {isa = PBXBuildFile; fileRef = 6D53703527DA5E0200ED5A17 /* MainHorizontalCell.swift */; };
		6D53705627DA5E0200ED5A17 /* FindField.swift in Sources */ = {isa = PBXBuildFile; fileRef = 6D53703727DA5E0200ED5A17 /* FindField.swift */; };
		6D53705727DA5E0200ED5A17 /* SearchView.swift in Sources */ = {isa = PBXBuildFile; fileRef = 6D53703827DA5E0200ED5A17 /* SearchView.swift */; };
		6D53705827DA5E0200ED5A17 /* SearchResultCell.swift in Sources */ = {isa = PBXBuildFile; fileRef = 6D53703927DA5E0200ED5A17 /* SearchResultCell.swift */; };
		6D53705927DA5E0200ED5A17 /* FindView.swift in Sources */ = {isa = PBXBuildFile; fileRef = 6D53703A27DA5E0200ED5A17 /* FindView.swift */; };
		6D53705A27DA5E0200ED5A17 /* FindViewHeader.swift in Sources */ = {isa = PBXBuildFile; fileRef = 6D53703C27DA5E0200ED5A17 /* FindViewHeader.swift */; };
		6D53705B27DA5E0200ED5A17 /* CategoryViewUIK.swift in Sources */ = {isa = PBXBuildFile; fileRef = 6D53703D27DA5E0200ED5A17 /* CategoryViewUIK.swift */; };
		6D53705C27DA5E0200ED5A17 /* FindViewControllerSUI.swift in Sources */ = {isa = PBXBuildFile; fileRef = 6D53703E27DA5E0200ED5A17 /* FindViewControllerSUI.swift */; };
		6D53705D27DA5E0200ED5A17 /* FindViewController.swift in Sources */ = {isa = PBXBuildFile; fileRef = 6D53703F27DA5E0200ED5A17 /* FindViewController.swift */; };
		6D53705E27DA5E0200ED5A17 /* FindViewControllerCell.swift in Sources */ = {isa = PBXBuildFile; fileRef = 6D53704027DA5E0200ED5A17 /* FindViewControllerCell.swift */; };
		6D53705F27DA5E0200ED5A17 /* ListView.swift in Sources */ = {isa = PBXBuildFile; fileRef = 6D53704227DA5E0200ED5A17 /* ListView.swift */; };
		6D53706027DA5E0200ED5A17 /* ListViewCell.swift in Sources */ = {isa = PBXBuildFile; fileRef = 6D53704327DA5E0200ED5A17 /* ListViewCell.swift */; };
		6D53706127DA5E0200ED5A17 /* MediatecaView.swift in Sources */ = {isa = PBXBuildFile; fileRef = 6D53704427DA5E0200ED5A17 /* MediatecaView.swift */; };
		6D53706227DA5E0200ED5A17 /* VerticalCell.swift in Sources */ = {isa = PBXBuildFile; fileRef = 6D53704627DA5E0200ED5A17 /* VerticalCell.swift */; };
		6D53706327DA5E0200ED5A17 /* RadioView.swift in Sources */ = {isa = PBXBuildFile; fileRef = 6D53704727DA5E0200ED5A17 /* RadioView.swift */; };
		6D53706427DA5E0200ED5A17 /* HorizontalCell.swift in Sources */ = {isa = PBXBuildFile; fileRef = 6D53704827DA5E0200ED5A17 /* HorizontalCell.swift */; };
		6D53706727DA5E0200ED5A17 /* TimerView.swift in Sources */ = {isa = PBXBuildFile; fileRef = 6D53704C27DA5E0200ED5A17 /* TimerView.swift */; };
		6D53706827DA5E0200ED5A17 /* PlayerView.swift in Sources */ = {isa = PBXBuildFile; fileRef = 6D53704D27DA5E0200ED5A17 /* PlayerView.swift */; };
		6D53706A27DA5E0200ED5A17 /* FullScreenPlayer.swift in Sources */ = {isa = PBXBuildFile; fileRef = 6D53704F27DA5E0200ED5A17 /* FullScreenPlayer.swift */; };
		6D8D0A2127DA5843008952C9 /* HW19App.swift in Sources */ = {isa = PBXBuildFile; fileRef = 6D8D0A2027DA5843008952C9 /* HW19App.swift */; };
		6D8D0A2327DA5843008952C9 /* ContentView.swift in Sources */ = {isa = PBXBuildFile; fileRef = 6D8D0A2227DA5843008952C9 /* ContentView.swift */; };
		6D8D0A2527DA5844008952C9 /* Assets.xcassets in Resources */ = {isa = PBXBuildFile; fileRef = 6D8D0A2427DA5844008952C9 /* Assets.xcassets */; };
		6D8D0A2827DA5844008952C9 /* Preview Assets.xcassets in Resources */ = {isa = PBXBuildFile; fileRef = 6D8D0A2727DA5844008952C9 /* Preview Assets.xcassets */; };
/* End PBXBuildFile section */

/* Begin PBXFileReference section */
		6D536FE527DA5D2F00ED5A17 /* Model.swift */ = {isa = PBXFileReference; fileEncoding = 4; lastKnownFileType = sourcecode.swift; path = Model.swift; sourceTree = "<group>"; };
		6D536FE627DA5D2F00ED5A17 /* RadioModel.swift */ = {isa = PBXFileReference; fileEncoding = 4; lastKnownFileType = sourcecode.swift; path = RadioModel.swift; sourceTree = "<group>"; };
		6D536FE727DA5D2F00ED5A17 /* FindViewData.swift */ = {isa = PBXFileReference; fileEncoding = 4; lastKnownFileType = sourcecode.swift; path = FindViewData.swift; sourceTree = "<group>"; };
		6D53702F27DA5E0200ED5A17 /* StartFindView.swift */ = {isa = PBXFileReference; fileEncoding = 4; lastKnownFileType = sourcecode.swift; path = StartFindView.swift; sourceTree = "<group>"; };
		6D53703027DA5E0200ED5A17 /* StartFindViewCell.swift */ = {isa = PBXFileReference; fileEncoding = 4; lastKnownFileType = sourcecode.swift; path = StartFindViewCell.swift; sourceTree = "<group>"; };
		6D53703227DA5E0200ED5A17 /* CategoryView.swift */ = {isa = PBXFileReference; fileEncoding = 4; lastKnownFileType = sourcecode.swift; path = CategoryView.swift; sourceTree = "<group>"; };
		6D53703327DA5E0200ED5A17 /* SecondaryHorizontalCell.swift */ = {isa = PBXFileReference; fileEncoding = 4; lastKnownFileType = sourcecode.swift; path = SecondaryHorizontalCell.swift; sourceTree = "<group>"; };
		6D53703427DA5E0200ED5A17 /* ThirdHorizontalCell.swift */ = {isa = PBXFileReference; fileEncoding = 4; lastKnownFileType = sourcecode.swift; path = ThirdHorizontalCell.swift; sourceTree = "<group>"; };
		6D53703527DA5E0200ED5A17 /* MainHorizontalCell.swift */ = {isa = PBXFileReference; fileEncoding = 4; lastKnownFileType = sourcecode.swift; path = MainHorizontalCell.swift; sourceTree = "<group>"; };
		6D53703727DA5E0200ED5A17 /* FindField.swift */ = {isa = PBXFileReference; fileEncoding = 4; lastKnownFileType = sourcecode.swift; path = FindField.swift; sourceTree = "<group>"; };
		6D53703827DA5E0200ED5A17 /* SearchView.swift */ = {isa = PBXFileReference; fileEncoding = 4; lastKnownFileType = sourcecode.swift; path = SearchView.swift; sourceTree = "<group>"; };
		6D53703927DA5E0200ED5A17 /* SearchResultCell.swift */ = {isa = PBXFileReference; fileEncoding = 4; lastKnownFileType = sourcecode.swift; path = SearchResultCell.swift; sourceTree = "<group>"; };
		6D53703A27DA5E0200ED5A17 /* FindView.swift */ = {isa = PBXFileReference; fileEncoding = 4; lastKnownFileType = sourcecode.swift; path = FindView.swift; sourceTree = "<group>"; };
		6D53703C27DA5E0200ED5A17 /* FindViewHeader.swift */ = {isa = PBXFileReference; fileEncoding = 4; lastKnownFileType = sourcecode.swift; path = FindViewHeader.swift; sourceTree = "<group>"; };
		6D53703D27DA5E0200ED5A17 /* CategoryViewUIK.swift */ = {isa = PBXFileReference; fileEncoding = 4; lastKnownFileType = sourcecode.swift; path = CategoryViewUIK.swift; sourceTree = "<group>"; };
		6D53703E27DA5E0200ED5A17 /* FindViewControllerSUI.swift */ = {isa = PBXFileReference; fileEncoding = 4; lastKnownFileType = sourcecode.swift; path = FindViewControllerSUI.swift; sourceTree = "<group>"; };
		6D53703F27DA5E0200ED5A17 /* FindViewController.swift */ = {isa = PBXFileReference; fileEncoding = 4; lastKnownFileType = sourcecode.swift; path = FindViewController.swift; sourceTree = "<group>"; };
		6D53704027DA5E0200ED5A17 /* FindViewControllerCell.swift */ = {isa = PBXFileReference; fileEncoding = 4; lastKnownFileType = sourcecode.swift; path = FindViewControllerCell.swift; sourceTree = "<group>"; };
		6D53704227DA5E0200ED5A17 /* ListView.swift */ = {isa = PBXFileReference; fileEncoding = 4; lastKnownFileType = sourcecode.swift; path = ListView.swift; sourceTree = "<group>"; };
		6D53704327DA5E0200ED5A17 /* ListViewCell.swift */ = {isa = PBXFileReference; fileEncoding = 4; lastKnownFileType = sourcecode.swift; path = ListViewCell.swift; sourceTree = "<group>"; };
		6D53704427DA5E0200ED5A17 /* MediatecaView.swift */ = {isa = PBXFileReference; fileEncoding = 4; lastKnownFileType = sourcecode.swift; path = MediatecaView.swift; sourceTree = "<group>"; };
		6D53704627DA5E0200ED5A17 /* VerticalCell.swift */ = {isa = PBXFileReference; fileEncoding = 4; lastKnownFileType = sourcecode.swift; path = VerticalCell.swift; sourceTree = "<group>"; };
		6D53704727DA5E0200ED5A17 /* RadioView.swift */ = {isa = PBXFileReference; fileEncoding = 4; lastKnownFileType = sourcecode.swift; path = RadioView.swift; sourceTree = "<group>"; };
		6D53704827DA5E0200ED5A17 /* HorizontalCell.swift */ = {isa = PBXFileReference; fileEncoding = 4; lastKnownFileType = sourcecode.swift; path = HorizontalCell.swift; sourceTree = "<group>"; };
		6D53704C27DA5E0200ED5A17 /* TimerView.swift */ = {isa = PBXFileReference; fileEncoding = 4; lastKnownFileType = sourcecode.swift; path = TimerView.swift; sourceTree = "<group>"; };
		6D53704D27DA5E0200ED5A17 /* PlayerView.swift */ = {isa = PBXFileReference; fileEncoding = 4; lastKnownFileType = sourcecode.swift; path = PlayerView.swift; sourceTree = "<group>"; };
		6D53704F27DA5E0200ED5A17 /* FullScreenPlayer.swift */ = {isa = PBXFileReference; fileEncoding = 4; lastKnownFileType = sourcecode.swift; path = FullScreenPlayer.swift; sourceTree = "<group>"; };
		6D8D0A1D27DA5843008952C9 /* HW19.app */ = {isa = PBXFileReference; explicitFileType = wrapper.application; includeInIndex = 0; path = HW19.app; sourceTree = BUILT_PRODUCTS_DIR; };
		6D8D0A2027DA5843008952C9 /* HW19App.swift */ = {isa = PBXFileReference; lastKnownFileType = sourcecode.swift; path = HW19App.swift; sourceTree = "<group>"; };
		6D8D0A2227DA5843008952C9 /* ContentView.swift */ = {isa = PBXFileReference; lastKnownFileType = sourcecode.swift; path = ContentView.swift; sourceTree = "<group>"; };
		6D8D0A2427DA5844008952C9 /* Assets.xcassets */ = {isa = PBXFileReference; lastKnownFileType = folder.assetcatalog; path = Assets.xcassets; sourceTree = "<group>"; };
		6D8D0A2727DA5844008952C9 /* Preview Assets.xcassets */ = {isa = PBXFileReference; lastKnownFileType = folder.assetcatalog; path = "Preview Assets.xcassets"; sourceTree = "<group>"; };
/* End PBXFileReference section */

/* Begin PBXFrameworksBuildPhase section */
		6D8D0A1A27DA5843008952C9 /* Frameworks */ = {
			isa = PBXFrameworksBuildPhase;
			buildActionMask = 2147483647;
			files = (
			);
			runOnlyForDeploymentPostprocessing = 0;
		};
/* End PBXFrameworksBuildPhase section */

/* Begin PBXGroup section */
		6D536FE327DA5D0F00ED5A17 /* Resourses */ = {
			isa = PBXGroup;
			children = (
				6D8D0A2427DA5844008952C9 /* Assets.xcassets */,
			);
			path = Resourses;
			sourceTree = "<group>";
		};
		6D536FE427DA5D2F00ED5A17 /* Models */ = {
			isa = PBXGroup;
			children = (
				6D536FE527DA5D2F00ED5A17 /* Model.swift */,
				6D536FE627DA5D2F00ED5A17 /* RadioModel.swift */,
				6D536FE727DA5D2F00ED5A17 /* FindViewData.swift */,
			);
			path = Models;
			sourceTree = "<group>";
		};
		6D536FEB27DA5D4500ED5A17 /* Sourses */ = {
			isa = PBXGroup;
			children = (
				6D536FEC27DA5D5600ED5A17 /* App */,
				6D53702C27DA5E0200ED5A17 /* Scenes */,
				6D536FE427DA5D2F00ED5A17 /* Models */,
			);
			path = Sourses;
			sourceTree = "<group>";
		};
		6D536FEC27DA5D5600ED5A17 /* App */ = {
			isa = PBXGroup;
			children = (
				6D8D0A2027DA5843008952C9 /* HW19App.swift */,
				6D8D0A2227DA5843008952C9 /* ContentView.swift */,
			);
			path = App;
			sourceTree = "<group>";
		};
		6D53702C27DA5E0200ED5A17 /* Scenes */ = {
			isa = PBXGroup;
			children = (
				6D53702D27DA5E0200ED5A17 /* FindView */,
				6D53704127DA5E0200ED5A17 /* MediatecaView */,
				6D53704527DA5E0200ED5A17 /* RadioView */,
				6D53704927DA5E0200ED5A17 /* Player */,
			);
			path = Scenes;
			sourceTree = "<group>";
		};
		6D53702D27DA5E0200ED5A17 /* FindView */ = {
			isa = PBXGroup;
			children = (
				6D53702E27DA5E0200ED5A17 /* StartScreen */,
				6D53703627DA5E0200ED5A17 /* SearchScreen */,
				6D53703A27DA5E0200ED5A17 /* FindView.swift */,
				6D53703B27DA5E0200ED5A17 /* UIKit */,
			);
			path = FindView;
			sourceTree = "<group>";
		};
		6D53702E27DA5E0200ED5A17 /* StartScreen */ = {
			isa = PBXGroup;
			children = (
				6D53702F27DA5E0200ED5A17 /* StartFindView.swift */,
				6D53703027DA5E0200ED5A17 /* StartFindViewCell.swift */,
				6D53703127DA5E0200ED5A17 /* CategoryView */,
			);
			path = StartScreen;
			sourceTree = "<group>";
		};
		6D53703127DA5E0200ED5A17 /* CategoryView */ = {
			isa = PBXGroup;
			children = (
				6D53703227DA5E0200ED5A17 /* CategoryView.swift */,
				6D53703327DA5E0200ED5A17 /* SecondaryHorizontalCell.swift */,
				6D53703427DA5E0200ED5A17 /* ThirdHorizontalCell.swift */,
				6D53703527DA5E0200ED5A17 /* MainHorizontalCell.swift */,
			);
			path = CategoryView;
			sourceTree = "<group>";
		};
		6D53703627DA5E0200ED5A17 /* SearchScreen */ = {
			isa = PBXGroup;
			children = (
				6D53703727DA5E0200ED5A17 /* FindField.swift */,
				6D53703827DA5E0200ED5A17 /* SearchView.swift */,
				6D53703927DA5E0200ED5A17 /* SearchResultCell.swift */,
			);
			path = SearchScreen;
			sourceTree = "<group>";
		};
		6D53703B27DA5E0200ED5A17 /* UIKit */ = {
			isa = PBXGroup;
			children = (
				6D53703C27DA5E0200ED5A17 /* FindViewHeader.swift */,
				6D53703D27DA5E0200ED5A17 /* CategoryViewUIK.swift */,
				6D53703E27DA5E0200ED5A17 /* FindViewControllerSUI.swift */,
				6D53703F27DA5E0200ED5A17 /* FindViewController.swift */,
				6D53704027DA5E0200ED5A17 /* FindViewControllerCell.swift */,
			);
			path = UIKit;
			sourceTree = "<group>";
		};
		6D53704127DA5E0200ED5A17 /* MediatecaView */ = {
			isa = PBXGroup;
			children = (
				6D53704227DA5E0200ED5A17 /* ListView.swift */,
				6D53704327DA5E0200ED5A17 /* ListViewCell.swift */,
				6D53704427DA5E0200ED5A17 /* MediatecaView.swift */,
			);
			path = MediatecaView;
			sourceTree = "<group>";
		};
		6D53704527DA5E0200ED5A17 /* RadioView */ = {
			isa = PBXGroup;
			children = (
				6D53704627DA5E0200ED5A17 /* VerticalCell.swift */,
				6D53704727DA5E0200ED5A17 /* RadioView.swift */,
				6D53704827DA5E0200ED5A17 /* HorizontalCell.swift */,
			);
			path = RadioView;
			sourceTree = "<group>";
		};
		6D53704927DA5E0200ED5A17 /* Player */ = {
			isa = PBXGroup;
			children = (
				6D53704C27DA5E0200ED5A17 /* TimerView.swift */,
				6D53704D27DA5E0200ED5A17 /* PlayerView.swift */,
				6D53704F27DA5E0200ED5A17 /* FullScreenPlayer.swift */,
			);
			path = Player;
			sourceTree = "<group>";
		};
		6D8D0A1427DA5843008952C9 = {
			isa = PBXGroup;
			children = (
				6D8D0A1F27DA5843008952C9 /* HW19 */,
				6D8D0A1E27DA5843008952C9 /* Products */,
			);
			sourceTree = "<group>";
		};
		6D8D0A1E27DA5843008952C9 /* Products */ = {
			isa = PBXGroup;
			children = (
				6D8D0A1D27DA5843008952C9 /* HW19.app */,
			);
			name = Products;
			sourceTree = "<group>";
		};
		6D8D0A1F27DA5843008952C9 /* HW19 */ = {
			isa = PBXGroup;
			children = (
				6D536FE327DA5D0F00ED5A17 /* Resourses */,
				6D536FEB27DA5D4500ED5A17 /* Sourses */,
				6D8D0A2627DA5844008952C9 /* Preview Content */,
			);
			path = HW19;
			sourceTree = "<group>";
		};
		6D8D0A2627DA5844008952C9 /* Preview Content */ = {
			isa = PBXGroup;
			children = (
				6D8D0A2727DA5844008952C9 /* Preview Assets.xcassets */,
			);
			path = "Preview Content";
			sourceTree = "<group>";
		};
/* End PBXGroup section */

/* Begin PBXNativeTarget section */
		6D8D0A1C27DA5843008952C9 /* HW19 */ = {
			isa = PBXNativeTarget;
			buildConfigurationList = 6D8D0A2B27DA5844008952C9 /* Build configuration list for PBXNativeTarget "HW19" */;
			buildPhases = (
				6D8D0A1927DA5843008952C9 /* Sources */,
				6D8D0A1A27DA5843008952C9 /* Frameworks */,
				6D8D0A1B27DA5843008952C9 /* Resources */,
			);
			buildRules = (
			);
			dependencies = (
			);
			name = HW19;
			productName = HW19;
			productReference = 6D8D0A1D27DA5843008952C9 /* HW19.app */;
			productType = "com.apple.product-type.application";
		};
/* End PBXNativeTarget section */

/* Begin PBXProject section */
		6D8D0A1527DA5843008952C9 /* Project object */ = {
			isa = PBXProject;
			attributes = {
				BuildIndependentTargetsInParallel = 1;
				LastSwiftUpdateCheck = 1320;
				LastUpgradeCheck = 1320;
				TargetAttributes = {
					6D8D0A1C27DA5843008952C9 = {
						CreatedOnToolsVersion = 13.2.1;
					};
				};
			};
			buildConfigurationList = 6D8D0A1827DA5843008952C9 /* Build configuration list for PBXProject "HW19" */;
			compatibilityVersion = "Xcode 13.0";
			developmentRegion = en;
			hasScannedForEncodings = 0;
			knownRegions = (
				en,
				Base,
			);
			mainGroup = 6D8D0A1427DA5843008952C9;
			productRefGroup = 6D8D0A1E27DA5843008952C9 /* Products */;
			projectDirPath = "";
			projectRoot = "";
			targets = (
				6D8D0A1C27DA5843008952C9 /* HW19 */,
			);
		};
/* End PBXProject section */

/* Begin PBXResourcesBuildPhase section */
		6D8D0A1B27DA5843008952C9 /* Resources */ = {
			isa = PBXResourcesBuildPhase;
			buildActionMask = 2147483647;
			files = (
				6D8D0A2827DA5844008952C9 /* Preview Assets.xcassets in Resources */,
				6D8D0A2527DA5844008952C9 /* Assets.xcassets in Resources */,
			);
			runOnlyForDeploymentPostprocessing = 0;
		};
/* End PBXResourcesBuildPhase section */

/* Begin PBXSourcesBuildPhase section */
		6D8D0A1927DA5843008952C9 /* Sources */ = {
			isa = PBXSourcesBuildPhase;
			buildActionMask = 2147483647;
			files = (
				6D53706027DA5E0200ED5A17 /* ListViewCell.swift in Sources */,
				6D53705827DA5E0200ED5A17 /* SearchResultCell.swift in Sources */,
				6D53705127DA5E0200ED5A17 /* StartFindViewCell.swift in Sources */,
				6D53706827DA5E0200ED5A17 /* PlayerView.swift in Sources */,
				6D53706427DA5E0200ED5A17 /* HorizontalCell.swift in Sources */,
				6D53705D27DA5E0200ED5A17 /* FindViewController.swift in Sources */,
				6D536FE827DA5D2F00ED5A17 /* Model.swift in Sources */,
				6D8D0A2327DA5843008952C9 /* ContentView.swift in Sources */,
				6D53705A27DA5E0200ED5A17 /* FindViewHeader.swift in Sources */,
				6D53706127DA5E0200ED5A17 /* MediatecaView.swift in Sources */,
				6D53705027DA5E0200ED5A17 /* StartFindView.swift in Sources */,
				6D53705927DA5E0200ED5A17 /* FindView.swift in Sources */,
				6D53705327DA5E0200ED5A17 /* SecondaryHorizontalCell.swift in Sources */,
				6D536FEA27DA5D2F00ED5A17 /* FindViewData.swift in Sources */,
				6D8D0A2127DA5843008952C9 /* HW19App.swift in Sources */,
				6D53705E27DA5E0200ED5A17 /* FindViewControllerCell.swift in Sources */,
				6D53706A27DA5E0200ED5A17 /* FullScreenPlayer.swift in Sources */,
				6D53705427DA5E0200ED5A17 /* ThirdHorizontalCell.swift in Sources */,
				6D53706227DA5E0200ED5A17 /* VerticalCell.swift in Sources */,
				6D53705727DA5E0200ED5A17 /* SearchView.swift in Sources */,
				6D53705527DA5E0200ED5A17 /* MainHorizontalCell.swift in Sources */,
				6D53705227DA5E0200ED5A17 /* CategoryView.swift in Sources */,
				6D53706327DA5E0200ED5A17 /* RadioView.swift in Sources */,
				6D536FE927DA5D2F00ED5A17 /* RadioModel.swift in Sources */,
				6D53705F27DA5E0200ED5A17 /* ListView.swift in Sources */,
				6D53706727DA5E0200ED5A17 /* TimerView.swift in Sources */,
				6D53705627DA5E0200ED5A17 /* FindField.swift in Sources */,
				6D53705B27DA5E0200ED5A17 /* CategoryViewUIK.swift in Sources */,
				6D53705C27DA5E0200ED5A17 /* FindViewControllerSUI.swift in Sources */,
			);
			runOnlyForDeploymentPostprocessing = 0;
		};
/* End PBXSourcesBuildPhase section */

/* Begin XCBuildConfiguration section */
		6D8D0A2927DA5844008952C9 /* Debug */ = {
			isa = XCBuildConfiguration;
			buildSettings = {
				ALWAYS_SEARCH_USER_PATHS = NO;
				CLANG_ANALYZER_NONNULL = YES;
				CLANG_ANALYZER_NUMBER_OBJECT_CONVERSION = YES_AGGRESSIVE;
				CLANG_CXX_LANGUAGE_STANDARD = "gnu++17";
				CLANG_CXX_LIBRARY = "libc++";
				CLANG_ENABLE_MODULES = YES;
				CLANG_ENABLE_OBJC_ARC = YES;
				CLANG_ENABLE_OBJC_WEAK = YES;
				CLANG_WARN_BLOCK_CAPTURE_AUTORELEASING = YES;
				CLANG_WARN_BOOL_CONVERSION = YES;
				CLANG_WARN_COMMA = YES;
				CLANG_WARN_CONSTANT_CONVERSION = YES;
				CLANG_WARN_DEPRECATED_OBJC_IMPLEMENTATIONS = YES;
				CLANG_WARN_DIRECT_OBJC_ISA_USAGE = YES_ERROR;
				CLANG_WARN_DOCUMENTATION_COMMENTS = YES;
				CLANG_WARN_EMPTY_BODY = YES;
				CLANG_WARN_ENUM_CONVERSION = YES;
				CLANG_WARN_INFINITE_RECURSION = YES;
				CLANG_WARN_INT_CONVERSION = YES;
				CLANG_WARN_NON_LITERAL_NULL_CONVERSION = YES;
				CLANG_WARN_OBJC_IMPLICIT_RETAIN_SELF = YES;
				CLANG_WARN_OBJC_LITERAL_CONVERSION = YES;
				CLANG_WARN_OBJC_ROOT_CLASS = YES_ERROR;
				CLANG_WARN_QUOTED_INCLUDE_IN_FRAMEWORK_HEADER = YES;
				CLANG_WARN_RANGE_LOOP_ANALYSIS = YES;
				CLANG_WARN_STRICT_PROTOTYPES = YES;
				CLANG_WARN_SUSPICIOUS_MOVE = YES;
				CLANG_WARN_UNGUARDED_AVAILABILITY = YES_AGGRESSIVE;
				CLANG_WARN_UNREACHABLE_CODE = YES;
				CLANG_WARN__DUPLICATE_METHOD_MATCH = YES;
				COPY_PHASE_STRIP = NO;
				DEBUG_INFORMATION_FORMAT = dwarf;
				ENABLE_STRICT_OBJC_MSGSEND = YES;
				ENABLE_TESTABILITY = YES;
				GCC_C_LANGUAGE_STANDARD = gnu11;
				GCC_DYNAMIC_NO_PIC = NO;
				GCC_NO_COMMON_BLOCKS = YES;
				GCC_OPTIMIZATION_LEVEL = 0;
				GCC_PREPROCESSOR_DEFINITIONS = (
					"DEBUG=1",
					"$(inherited)",
				);
				GCC_WARN_64_TO_32_BIT_CONVERSION = YES;
				GCC_WARN_ABOUT_RETURN_TYPE = YES_ERROR;
				GCC_WARN_UNDECLARED_SELECTOR = YES;
				GCC_WARN_UNINITIALIZED_AUTOS = YES_AGGRESSIVE;
				GCC_WARN_UNUSED_FUNCTION = YES;
				GCC_WARN_UNUSED_VARIABLE = YES;
				IPHONEOS_DEPLOYMENT_TARGET = 15.2;
				MTL_ENABLE_DEBUG_INFO = INCLUDE_SOURCE;
				MTL_FAST_MATH = YES;
				ONLY_ACTIVE_ARCH = YES;
				SDKROOT = iphoneos;
				SWIFT_ACTIVE_COMPILATION_CONDITIONS = DEBUG;
				SWIFT_OPTIMIZATION_LEVEL = "-Onone";
			};
			name = Debug;
		};
		6D8D0A2A27DA5844008952C9 /* Release */ = {
			isa = XCBuildConfiguration;
			buildSettings = {
				ALWAYS_SEARCH_USER_PATHS = NO;
				CLANG_ANALYZER_NONNULL = YES;
				CLANG_ANALYZER_NUMBER_OBJECT_CONVERSION = YES_AGGRESSIVE;
				CLANG_CXX_LANGUAGE_STANDARD = "gnu++17";
				CLANG_CXX_LIBRARY = "libc++";
				CLANG_ENABLE_MODULES = YES;
				CLANG_ENABLE_OBJC_ARC = YES;
				CLANG_ENABLE_OBJC_WEAK = YES;
				CLANG_WARN_BLOCK_CAPTURE_AUTORELEASING = YES;
				CLANG_WARN_BOOL_CONVERSION = YES;
				CLANG_WARN_COMMA = YES;
				CLANG_WARN_CONSTANT_CONVERSION = YES;
				CLANG_WARN_DEPRECATED_OBJC_IMPLEMENTATIONS = YES;
				CLANG_WARN_DIRECT_OBJC_ISA_USAGE = YES_ERROR;
				CLANG_WARN_DOCUMENTATION_COMMENTS = YES;
				CLANG_WARN_EMPTY_BODY = YES;
				CLANG_WARN_ENUM_CONVERSION = YES;
				CLANG_WARN_INFINITE_RECURSION = YES;
				CLANG_WARN_INT_CONVERSION = YES;
				CLANG_WARN_NON_LITERAL_NULL_CONVERSION = YES;
				CLANG_WARN_OBJC_IMPLICIT_RETAIN_SELF = YES;
				CLANG_WARN_OBJC_LITERAL_CONVERSION = YES;
				CLANG_WARN_OBJC_ROOT_CLASS = YES_ERROR;
				CLANG_WARN_QUOTED_INCLUDE_IN_FRAMEWORK_HEADER = YES;
				CLANG_WARN_RANGE_LOOP_ANALYSIS = YES;
				CLANG_WARN_STRICT_PROTOTYPES = YES;
				CLANG_WARN_SUSPICIOUS_MOVE = YES;
				CLANG_WARN_UNGUARDED_AVAILABILITY = YES_AGGRESSIVE;
				CLANG_WARN_UNREACHABLE_CODE = YES;
				CLANG_WARN__DUPLICATE_METHOD_MATCH = YES;
				COPY_PHASE_STRIP = NO;
				DEBUG_INFORMATION_FORMAT = "dwarf-with-dsym";
				ENABLE_NS_ASSERTIONS = NO;
				ENABLE_STRICT_OBJC_MSGSEND = YES;
				GCC_C_LANGUAGE_STANDARD = gnu11;
				GCC_NO_COMMON_BLOCKS = YES;
				GCC_WARN_64_TO_32_BIT_CONVERSION = YES;
				GCC_WARN_ABOUT_RETURN_TYPE = YES_ERROR;
				GCC_WARN_UNDECLARED_SELECTOR = YES;
				GCC_WARN_UNINITIALIZED_AUTOS = YES_AGGRESSIVE;
				GCC_WARN_UNUSED_FUNCTION = YES;
				GCC_WARN_UNUSED_VARIABLE = YES;
				IPHONEOS_DEPLOYMENT_TARGET = 15.2;
				MTL_ENABLE_DEBUG_INFO = NO;
				MTL_FAST_MATH = YES;
				SDKROOT = iphoneos;
				SWIFT_COMPILATION_MODE = wholemodule;
				SWIFT_OPTIMIZATION_LEVEL = "-O";
				VALIDATE_PRODUCT = YES;
			};
			name = Release;
		};
		6D8D0A2C27DA5844008952C9 /* Debug */ = {
			isa = XCBuildConfiguration;
			buildSettings = {
				ASSETCATALOG_COMPILER_APPICON_NAME = AppIcon;
				ASSETCATALOG_COMPILER_GLOBAL_ACCENT_COLOR_NAME = AccentColor;
				CODE_SIGN_STYLE = Automatic;
				CURRENT_PROJECT_VERSION = 1;
				DEVELOPMENT_ASSET_PATHS = "\"HW19/Preview Content\"";
				DEVELOPMENT_TEAM = ZB4T6SD8SN;
				ENABLE_PREVIEWS = YES;
				GENERATE_INFOPLIST_FILE = YES;
				INFOPLIST_KEY_UIApplicationSceneManifest_Generation = YES;
				INFOPLIST_KEY_UIApplicationSupportsIndirectInputEvents = YES;
				INFOPLIST_KEY_UILaunchScreen_Generation = YES;
				INFOPLIST_KEY_UISupportedInterfaceOrientations_iPad = "UIInterfaceOrientationPortrait UIInterfaceOrientationPortraitUpsideDown UIInterfaceOrientationLandscapeLeft UIInterfaceOrientationLandscapeRight";
				INFOPLIST_KEY_UISupportedInterfaceOrientations_iPhone = "UIInterfaceOrientationPortrait UIInterfaceOrientationLandscapeLeft UIInterfaceOrientationLandscapeRight";
				LD_RUNPATH_SEARCH_PATHS = (
					"$(inherited)",
					"@executable_path/Frameworks",
				);
				MARKETING_VERSION = 1.0;
				PRODUCT_BUNDLE_IDENTIFIER = "Petrik-s-team.HW19";
				PRODUCT_NAME = "$(TARGET_NAME)";
				SWIFT_EMIT_LOC_STRINGS = YES;
				SWIFT_VERSION = 5.0;
				TARGETED_DEVICE_FAMILY = "1,2";
			};
			name = Debug;
		};
		6D8D0A2D27DA5844008952C9 /* Release */ = {
			isa = XCBuildConfiguration;
			buildSettings = {
				ASSETCATALOG_COMPILER_APPICON_NAME = AppIcon;
				ASSETCATALOG_COMPILER_GLOBAL_ACCENT_COLOR_NAME = AccentColor;
				CODE_SIGN_STYLE = Automatic;
				CURRENT_PROJECT_VERSION = 1;
				DEVELOPMENT_ASSET_PATHS = "\"HW19/Preview Content\"";
				DEVELOPMENT_TEAM = ZB4T6SD8SN;
				ENABLE_PREVIEWS = YES;
				GENERATE_INFOPLIST_FILE = YES;
				INFOPLIST_KEY_UIApplicationSceneManifest_Generation = YES;
				INFOPLIST_KEY_UIApplicationSupportsIndirectInputEvents = YES;
				INFOPLIST_KEY_UILaunchScreen_Generation = YES;
				INFOPLIST_KEY_UISupportedInterfaceOrientations_iPad = "UIInterfaceOrientationPortrait UIInterfaceOrientationPortraitUpsideDown UIInterfaceOrientationLandscapeLeft UIInterfaceOrientationLandscapeRight";
				INFOPLIST_KEY_UISupportedInterfaceOrientations_iPhone = "UIInterfaceOrientationPortrait UIInterfaceOrientationLandscapeLeft UIInterfaceOrientationLandscapeRight";
				LD_RUNPATH_SEARCH_PATHS = (
					"$(inherited)",
					"@executable_path/Frameworks",
				);
				MARKETING_VERSION = 1.0;
				PRODUCT_BUNDLE_IDENTIFIER = "Petrik-s-team.HW19";
				PRODUCT_NAME = "$(TARGET_NAME)";
				SWIFT_EMIT_LOC_STRINGS = YES;
				SWIFT_VERSION = 5.0;
				TARGETED_DEVICE_FAMILY = "1,2";
			};
			name = Release;
		};
/* End XCBuildConfiguration section */

/* Begin XCConfigurationList section */
		6D8D0A1827DA5843008952C9 /* Build configuration list for PBXProject "HW19" */ = {
			isa = XCConfigurationList;
			buildConfigurations = (
				6D8D0A2927DA5844008952C9 /* Debug */,
				6D8D0A2A27DA5844008952C9 /* Release */,
			);
			defaultConfigurationIsVisible = 0;
			defaultConfigurationName = Release;
		};
		6D8D0A2B27DA5844008952C9 /* Build configuration list for PBXNativeTarget "HW19" */ = {
			isa = XCConfigurationList;
			buildConfigurations = (
				6D8D0A2C27DA5844008952C9 /* Debug */,
				6D8D0A2D27DA5844008952C9 /* Release */,
			);
			defaultConfigurationIsVisible = 0;
			defaultConfigurationName = Release;
		};
/* End XCConfigurationList section */
	};
	rootObject = 6D8D0A1527DA5843008952C9 /* Project object */;
}
